
Microsoft Visual Studio Solution File, Format Version 12.00
# Visual Studio Version 17
VisualStudioVersion = 17.2.32630.192
MinimumVisualStudioVersion = 10.0.40219.1
Project("{FAE04EC0-301F-11D3-BF4B-00C04F79EFBC}") = "ToDoList", "ToDoList\ToDoList.csproj", "{384D41CD-0F52-460F-856C-A7FEA3B279F8}"
EndProject
Global
	GlobalSection(SolutionConfigurationPlatforms) = preSolution
		Debug|Any CPU = Debug|Any CPU
		Release|Any CPU = Release|Any CPU
	EndGlobalSection
	GlobalSection(ProjectConfigurationPlatforms) = postSolution
		{384D41CD-0F52-460F-856C-A7FEA3B279F8}.Debug|Any CPU.ActiveCfg = Debug|Any CPU
		{384D41CD-0F52-460F-856C-A7FEA3B279F8}.Debug|Any CPU.Build.0 = Debug|Any CPU
		{384D41CD-0F52-460F-856C-A7FEA3B279F8}.Release|Any CPU.ActiveCfg = Release|Any CPU
		{384D41CD-0F52-460F-856C-A7FEA3B279F8}.Release|Any CPU.Build.0 = Release|Any CPU
	EndGlobalSection
	GlobalSection(SolutionProperties) = preSolution
		HideSolutionNode = FALSE
	EndGlobalSection
	GlobalSection(ExtensibilityGlobals) = postSolution
		SolutionGuid = {CE6EBF3F-2343-453B-8BE5-3B80FA268D6F}
	EndGlobalSection
EndGlobal
